
Microsoft Visual Studio Solution File, Format Version 12.00
# Visual Studio Version 17
VisualStudioVersion = 17.14.36301.6 d17.14
MinimumVisualStudioVersion = 10.0.40219.1
Project("{FAE04EC0-301F-11D3-BF4B-00C04F79EFBC}") = "MassTransitHangfireBug", "MassTransitHangfireBug\MassTransitHangfireBug.csproj", "{9F7ABAB0-6C92-44F8-8B09-0B9C562631B1}"
EndProject
Global
	GlobalSection(SolutionConfigurationPlatforms) = preSolution
		Debug|Any CPU = Debug|Any CPU
		Release|Any CPU = Release|Any CPU
	EndGlobalSection
	GlobalSection(ProjectConfigurationPlatforms) = postSolution
		{9F7ABAB0-6C92-44F8-8B09-0B9C562631B1}.Debug|Any CPU.ActiveCfg = Debug|Any CPU
		{9F7ABAB0-6C92-44F8-8B09-0B9C562631B1}.Debug|Any CPU.Build.0 = Debug|Any CPU
		{9F7ABAB0-6C92-44F8-8B09-0B9C562631B1}.Release|Any CPU.ActiveCfg = Release|Any CPU
		{9F7ABAB0-6C92-44F8-8B09-0B9C562631B1}.Release|Any CPU.Build.0 = Release|Any CPU
	EndGlobalSection
	GlobalSection(SolutionProperties) = preSolution
		HideSolutionNode = FALSE
	EndGlobalSection
	GlobalSection(ExtensibilityGlobals) = postSolution
		SolutionGuid = {59AB08C3-29F2-4699-B164-3280A9AFD541}
	EndGlobalSection
EndGlobal
